
Microsoft Visual Studio Solution File, Format Version 12.00
# Visual Studio Version 17
VisualStudioVersion = 17.10.35027.167
MinimumVisualStudioVersion = 10.0.40219.1
Project("{9A19103F-16F7-4668-BE54-9A1E7A4F7556}") = "ModelLibrary", "ModelLibrary\ModelLibrary.csproj", "{5D162B38-3D5B-4E37-A01F-9CA9C8912CB5}"
EndProject
Project("{9A19103F-16F7-4668-BE54-9A1E7A4F7556}") = "CommonLibrary", "CommonLibrary\CommonLibrary.csproj", "{47C884E8-3DD8-4679-880A-D0CBA1B1AC67}"
EndProject
Global
	GlobalSection(SolutionConfigurationPlatforms) = preSolution
		Debug|Any CPU = Debug|Any CPU
		Release|Any CPU = Release|Any CPU
	EndGlobalSection
	GlobalSection(ProjectConfigurationPlatforms) = postSolution
		{5D162B38-3D5B-4E37-A01F-9CA9C8912CB5}.Debug|Any CPU.ActiveCfg = Debug|Any CPU
		{5D162B38-3D5B-4E37-A01F-9CA9C8912CB5}.Debug|Any CPU.Build.0 = Debug|Any CPU
		{5D162B38-3D5B-4E37-A01F-9CA9C8912CB5}.Release|Any CPU.ActiveCfg = Release|Any CPU
		{5D162B38-3D5B-4E37-A01F-9CA9C8912CB5}.Release|Any CPU.Build.0 = Release|Any CPU
		{47C884E8-3DD8-4679-880A-D0CBA1B1AC67}.Debug|Any CPU.ActiveCfg = Debug|Any CPU
		{47C884E8-3DD8-4679-880A-D0CBA1B1AC67}.Debug|Any CPU.Build.0 = Debug|Any CPU
		{47C884E8-3DD8-4679-880A-D0CBA1B1AC67}.Release|Any CPU.ActiveCfg = Release|Any CPU
		{47C884E8-3DD8-4679-880A-D0CBA1B1AC67}.Release|Any CPU.Build.0 = Release|Any CPU
	EndGlobalSection
	GlobalSection(SolutionProperties) = preSolution
		HideSolutionNode = FALSE
	EndGlobalSection
	GlobalSection(ExtensibilityGlobals) = postSolution
		SolutionGuid = {F507FD21-3F79-46BE-8D64-3BAF2AF86B6E}
	EndGlobalSection
EndGlobal
