
Microsoft Visual Studio Solution File, Format Version 12.00
# Visual Studio Version 17
VisualStudioVersion = 17.10.35027.167
MinimumVisualStudioVersion = 10.0.40219.1
Project("{FAE04EC0-301F-11D3-BF4B-00C04F79EFBC}") = "CommonLibrary", "ClassLibrary1\CommonLibrary.csproj", "{7718FC6E-5C68-4E89-91BD-55D6EB08EDAA}"
EndProject
Project("{FAE04EC0-301F-11D3-BF4B-00C04F79EFBC}") = "ModelLibrary", "ModelLibrary\ModelLibrary.csproj", "{5D162B38-3D5B-4E37-A01F-9CA9C8912CB5}"
EndProject
Global
	GlobalSection(SolutionConfigurationPlatforms) = preSolution
		Debug|Any CPU = Debug|Any CPU
		Release|Any CPU = Release|Any CPU
	EndGlobalSection
	GlobalSection(ProjectConfigurationPlatforms) = postSolution
		{7718FC6E-5C68-4E89-91BD-55D6EB08EDAA}.Debug|Any CPU.ActiveCfg = Debug|Any CPU
		{7718FC6E-5C68-4E89-91BD-55D6EB08EDAA}.Debug|Any CPU.Build.0 = Debug|Any CPU
		{7718FC6E-5C68-4E89-91BD-55D6EB08EDAA}.Release|Any CPU.ActiveCfg = Release|Any CPU
		{7718FC6E-5C68-4E89-91BD-55D6EB08EDAA}.Release|Any CPU.Build.0 = Release|Any CPU
		{5D162B38-3D5B-4E37-A01F-9CA9C8912CB5}.Debug|Any CPU.ActiveCfg = Debug|Any CPU
		{5D162B38-3D5B-4E37-A01F-9CA9C8912CB5}.Debug|Any CPU.Build.0 = Debug|Any CPU
		{5D162B38-3D5B-4E37-A01F-9CA9C8912CB5}.Release|Any CPU.ActiveCfg = Release|Any CPU
		{5D162B38-3D5B-4E37-A01F-9CA9C8912CB5}.Release|Any CPU.Build.0 = Release|Any CPU
	EndGlobalSection
	GlobalSection(SolutionProperties) = preSolution
		HideSolutionNode = FALSE
	EndGlobalSection
	GlobalSection(ExtensibilityGlobals) = postSolution
		SolutionGuid = {F507FD21-3F79-46BE-8D64-3BAF2AF86B6E}
	EndGlobalSection
EndGlobal
